name: Dependency Security

on:
  push:
    branches:
      - main
    paths:
      - package.json
      - .github/workflows/refresh-package-lock.yml
  pull_request:
    branches:
      - main
    paths:
      - package.json
      - package-lock.json
      - .github/workflows/refresh-package-lock.yml
  schedule:
    - cron: '0 18 * * 3'
  workflow_dispatch:

permissions:
  contents: read

jobs:
  refresh-lockfile:
    if: ${{ github.event_name == 'push' }}
    permissions:
      contents: write
    runs-on: ubuntu-latest
    timeout-minutes: 10
    steps:
      - name: Checkout repository
        uses: actions/checkout@3d3c42e5aac5ba805825da76410c181273ba90b1

      - name: Setup Node.js
        uses: actions/setup-node@820762786026740c76f36085b0efc47a31fe5020
        with:
          node-version: 20
          cache: npm

      - name: Refresh package-lock.json
        run: npm install --package-lock-only --ignore-scripts --no-audit --no-fund

      - name: Commit refreshed lockfile
        run: |
          if git diff --quiet -- package-lock.json; then
            echo "package-lock.json is already up to date"
            exit 0
          fi
          git config user.name "github-actions[bot]"
          git config user.email "41898282+github-actions[bot]@users.noreply.github.com"
          git add package-lock.json
          git commit -m "chore: refresh package lock"
          git push

  audit-after-refresh:
    if: ${{ github.event_name == 'push' }}
    needs: refresh-lockfile
    permissions:
      contents: read
    runs-on: ubuntu-latest
    timeout-minutes: 10
    steps:
      - name: Checkout latest main
        uses: actions/checkout@3d3c42e5aac5ba805825da76410c181273ba90b1
        with:
          ref: main

      - name: Setup Node.js
        uses: actions/setup-node@820762786026740c76f36085b0efc47a31fe5020
        with:
          node-version: 20
          cache: npm

      - name: Verify lockfile matches package.json
        run: |
          node --input-type=module <<'NODE'
          import fs from 'node:fs'
          const pkg = JSON.parse(fs.readFileSync('package.json', 'utf8'))
          const lock = JSON.parse(fs.readFileSync('package-lock.json', 'utf8'))
          const root = lock.packages?.[''] || {}
          const same = (a = {}, b = {}) =>
            JSON.stringify(Object.fromEntries(Object.entries(a).sort())) ===
            JSON.stringify(Object.fromEntries(Object.entries(b).sort()))
          if (!same(pkg.dependencies, root.dependencies) ||
              !same(pkg.devDependencies, root.devDependencies)) {
            console.error('package-lock.json is out of sync with package.json')
            process.exit(1)
          }
          NODE

      - name: Audit production dependencies
        run: npm audit --omit=dev --audit-level=high

  audit:
    if: ${{ github.event_name != 'push' }}
    permissions:
      contents: read
    runs-on: ubuntu-latest
    timeout-minutes: 10
    steps:
      - name: Checkout repository
        uses: actions/checkout@3d3c42e5aac5ba805825da76410c181273ba90b1

      - name: Setup Node.js
        uses: actions/setup-node@820762786026740c76f36085b0efc47a31fe5020
        with:
          node-version: 20
          cache: npm

      - name: Verify lockfile matches package.json
        run: |
          node --input-type=module <<'NODE'
          import fs from 'node:fs'
          const pkg = JSON.parse(fs.readFileSync('package.json', 'utf8'))
          const lock = JSON.parse(fs.readFileSync('package-lock.json', 'utf8'))
          const root = lock.packages?.[''] || {}
          const same = (a = {}, b = {}) =>
            JSON.stringify(Object.fromEntries(Object.entries(a).sort())) ===
            JSON.stringify(Object.fromEntries(Object.entries(b).sort()))
          if (!same(pkg.dependencies, root.dependencies) ||
              !same(pkg.devDependencies, root.devDependencies)) {
            console.error('package-lock.json is out of sync with package.json')
            process.exit(1)
          }
          NODE

      - name: Audit production dependencies
        run: npm audit --omit=dev --audit-level=high
